
Microsoft Visual Studio Solution File, Format Version 12.00
# Visual Studio 14
VisualStudioVersion = 14.0.23107.0
MinimumVisualStudioVersion = 10.0.40219.1
Project("{FAE04EC0-301F-11D3-BF4B-00C04F79EFBC}") = "SuperPeebeeAdventure", "SuperPeebeeAdventure\SuperPeebeeAdventure.csproj", "{EEBE9899-859A-471A-8E79-3C6654E00282}"
EndProject
Project("{FAE04EC0-301F-11D3-BF4B-00C04F79EFBC}") = "Engine", "Engine\Engine.csproj", "{15C06B73-DBD5-4CAA-9ADD-37DA2B61A497}"
EndProject
Global
	GlobalSection(SolutionConfigurationPlatforms) = preSolution
		Debug|Any CPU = Debug|Any CPU
		Release|Any CPU = Release|Any CPU
	EndGlobalSection
	GlobalSection(ProjectConfigurationPlatforms) = postSolution
		{EEBE9899-859A-471A-8E79-3C6654E00282}.Debug|Any CPU.ActiveCfg = Debug|Any CPU
		{EEBE9899-859A-471A-8E79-3C6654E00282}.Debug|Any CPU.Build.0 = Debug|Any CPU
		{EEBE9899-859A-471A-8E79-3C6654E00282}.Release|Any CPU.ActiveCfg = Release|Any CPU
		{EEBE9899-859A-471A-8E79-3C6654E00282}.Release|Any CPU.Build.0 = Release|Any CPU
		{15C06B73-DBD5-4CAA-9ADD-37DA2B61A497}.Debug|Any CPU.ActiveCfg = Debug|Any CPU
		{15C06B73-DBD5-4CAA-9ADD-37DA2B61A497}.Debug|Any CPU.Build.0 = Debug|Any CPU
		{15C06B73-DBD5-4CAA-9ADD-37DA2B61A497}.Release|Any CPU.ActiveCfg = Release|Any CPU
		{15C06B73-DBD5-4CAA-9ADD-37DA2B61A497}.Release|Any CPU.Build.0 = Release|Any CPU
	EndGlobalSection
	GlobalSection(SolutionProperties) = preSolution
		HideSolutionNode = FALSE
	EndGlobalSection
EndGlobal
